{
  "originHash" : "2e3e3c8add26e30c6fc3b1f550bb35fed88d5b13c3d54f0150f768c0c09f66e5",
  "pins" : [
    {
      "identity" : "youtubeplayer-in-wkwebview",
      "kind" : "remoteSourceControl",
      "location" : "https://github.com/hmhv/YoutubePlayer-in-WKWebView",
      "state" : {
        "revision" : "3d24743643fd4460e40ca8f4cd844563d32bb05f",
        "version" : "0.3.11"
      }
    }
  ],
  "version" : 3
}
