// !$*UTF8*$!
{
	archiveVersion = 1;
	classes = {
	};
	objectVersion = 56;
	objects = {

/* Begin PBXBuildFile section */
		8D9171D92BEB7FC90092DC91 /* MovieSwiftUIApp.swift in Sources */ = {isa = PBXBuildFile; fileRef = 8D9171D82BEB7FC90092DC91 /* MovieSwiftUIApp.swift */; };
		8D9171DB2BEB7FC90092DC91 /* ContentView.swift in Sources */ = {isa = PBXBuildFile; fileRef = 8D9171DA2BEB7FC90092DC91 /* ContentView.swift */; };
		8D9171DD2BEB7FCA0092DC91 /* Assets.xcassets in Resources */ = {isa = PBXBuildFile; fileRef = 8D9171DC2BEB7FCA0092DC91 /* Assets.xcassets */; };
		8D9171E02BEB7FCA0092DC91 /* Preview Assets.xcassets in Resources */ = {isa = PBXBuildFile; fileRef = 8D9171DF2BEB7FCA0092DC91 /* Preview Assets.xcassets */; };
		8D9171EA2BEB7FCA0092DC91 /* MovieSwiftUITests.swift in Sources */ = {isa = PBXBuildFile; fileRef = 8D9171E92BEB7FCA0092DC91 /* MovieSwiftUITests.swift */; };
		8D9171F42BEB7FCA0092DC91 /* MovieSwiftUIUITests.swift in Sources */ = {isa = PBXBuildFile; fileRef = 8D9171F32BEB7FCA0092DC91 /* MovieSwiftUIUITests.swift */; };
		8D9171F62BEB7FCA0092DC91 /* MovieSwiftUIUITestsLaunchTests.swift in Sources */ = {isa = PBXBuildFile; fileRef = 8D9171F52BEB7FCA0092DC91 /* MovieSwiftUIUITestsLaunchTests.swift */; };
		8D9172042BEB86C30092DC91 /* MovieListView.swift in Sources */ = {isa = PBXBuildFile; fileRef = 8D9172032BEB86C30092DC91 /* MovieListView.swift */; };
		8D9172072BEB87E50092DC91 /* MovieListItemView.swift in Sources */ = {isa = PBXBuildFile; fileRef = 8D9172062BEB87E40092DC91 /* MovieListItemView.swift */; };
		8D91720A2BEB8A510092DC91 /* Movie.swift in Sources */ = {isa = PBXBuildFile; fileRef = 8D9172092BEB8A510092DC91 /* Movie.swift */; };
		8D91720D2BEB8AC00092DC91 /* Color+Ext.swift in Sources */ = {isa = PBXBuildFile; fileRef = 8D91720C2BEB8AC00092DC91 /* Color+Ext.swift */; };
		8D9172122BEB8CFE0092DC91 /* MovieDataService.swift in Sources */ = {isa = PBXBuildFile; fileRef = 8D9172112BEB8CFE0092DC91 /* MovieDataService.swift */; };
		8D9172142BEB8D400092DC91 /* MovieListViewModel.swift in Sources */ = {isa = PBXBuildFile; fileRef = 8D9172132BEB8D400092DC91 /* MovieListViewModel.swift */; };
		8D9172162BEB8E020092DC91 /* NetworkManager.swift in Sources */ = {isa = PBXBuildFile; fileRef = 8D9172152BEB8E020092DC91 /* NetworkManager.swift */; };
		8D9172182BEBA51C0092DC91 /* MovieEndpoint.swift in Sources */ = {isa = PBXBuildFile; fileRef = 8D9172172BEBA51C0092DC91 /* MovieEndpoint.swift */; };
		8D91721D2BEBBCBE0092DC91 /* MovieDetailView.swift in Sources */ = {isa = PBXBuildFile; fileRef = 8D91721C2BEBBCBE0092DC91 /* MovieDetailView.swift */; };
		8D91721F2BEBBCFF0092DC91 /* MovieDetailViewModel.swift in Sources */ = {isa = PBXBuildFile; fileRef = 8D91721E2BEBBCFF0092DC91 /* MovieDetailViewModel.swift */; };
		8D9172212BEBBD560092DC91 /* MovieDetail.swift in Sources */ = {isa = PBXBuildFile; fileRef = 8D9172202BEBBD560092DC91 /* MovieDetail.swift */; };
		8D9172232BEBBDEF0092DC91 /* MovieImageService.swift in Sources */ = {isa = PBXBuildFile; fileRef = 8D9172222BEBBDEF0092DC91 /* MovieImageService.swift */; };
		8DBBAC7F2BF162D2005D278A /* URL+Ext.swift in Sources */ = {isa = PBXBuildFile; fileRef = 8DBBAC7E2BF162D2005D278A /* URL+Ext.swift */; };
		8DBBAC812BF1635B005D278A /* Bundle+Ext.swift in Sources */ = {isa = PBXBuildFile; fileRef = 8DBBAC802BF1635B005D278A /* Bundle+Ext.swift */; };
		8DBBAC862BF16A9B005D278A /* API.swift in Sources */ = {isa = PBXBuildFile; fileRef = 8DBBAC852BF16A9B005D278A /* API.swift */; };
		8DBBAC892BF16AD6005D278A /* ContentType.swift in Sources */ = {isa = PBXBuildFile; fileRef = 8DBBAC882BF16AD6005D278A /* ContentType.swift */; };
/* End PBXBuildFile section */

/* Begin PBXContainerItemProxy section */
		8D9171E62BEB7FCA0092DC91 /* PBXContainerItemProxy */ = {
			isa = PBXContainerItemProxy;
			containerPortal = 8D9171CD2BEB7FC90092DC91 /* Project object */;
			proxyType = 1;
			remoteGlobalIDString = 8D9171D42BEB7FC90092DC91;
			remoteInfo = MovieSwiftUI;
		};
		8D9171F02BEB7FCA0092DC91 /* PBXContainerItemProxy */ = {
			isa = PBXContainerItemProxy;
			containerPortal = 8D9171CD2BEB7FC90092DC91 /* Project object */;
			proxyType = 1;
			remoteGlobalIDString = 8D9171D42BEB7FC90092DC91;
			remoteInfo = MovieSwiftUI;
		};
/* End PBXContainerItemProxy section */

/* Begin PBXFileReference section */
		8D9171D52BEB7FC90092DC91 /* MovieSwiftUI.app */ = {isa = PBXFileReference; explicitFileType = wrapper.application; includeInIndex = 0; path = MovieSwiftUI.app; sourceTree = BUILT_PRODUCTS_DIR; };
		8D9171D82BEB7FC90092DC91 /* MovieSwiftUIApp.swift */ = {isa = PBXFileReference; lastKnownFileType = sourcecode.swift; path = MovieSwiftUIApp.swift; sourceTree = "<group>"; };
		8D9171DA2BEB7FC90092DC91 /* ContentView.swift */ = {isa = PBXFileReference; lastKnownFileType = sourcecode.swift; path = ContentView.swift; sourceTree = "<group>"; };
		8D9171DC2BEB7FCA0092DC91 /* Assets.xcassets */ = {isa = PBXFileReference; lastKnownFileType = folder.assetcatalog; path = Assets.xcassets; sourceTree = "<group>"; };
		8D9171DF2BEB7FCA0092DC91 /* Preview Assets.xcassets */ = {isa = PBXFileReference; lastKnownFileType = folder.assetcatalog; path = "Preview Assets.xcassets"; sourceTree = "<group>"; };
		8D9171E52BEB7FCA0092DC91 /* MovieSwiftUITests.xctest */ = {isa = PBXFileReference; explicitFileType = wrapper.cfbundle; includeInIndex = 0; path = MovieSwiftUITests.xctest; sourceTree = BUILT_PRODUCTS_DIR; };
		8D9171E92BEB7FCA0092DC91 /* MovieSwiftUITests.swift */ = {isa = PBXFileReference; lastKnownFileType = sourcecode.swift; path = MovieSwiftUITests.swift; sourceTree = "<group>"; };
		8D9171EF2BEB7FCA0092DC91 /* MovieSwiftUIUITests.xctest */ = {isa = PBXFileReference; explicitFileType = wrapper.cfbundle; includeInIndex = 0; path = MovieSwiftUIUITests.xctest; sourceTree = BUILT_PRODUCTS_DIR; };
		8D9171F32BEB7FCA0092DC91 /* MovieSwiftUIUITests.swift */ = {isa = PBXFileReference; lastKnownFileType = sourcecode.swift; path = MovieSwiftUIUITests.swift; sourceTree = "<group>"; };
		8D9171F52BEB7FCA0092DC91 /* MovieSwiftUIUITestsLaunchTests.swift */ = {isa = PBXFileReference; lastKnownFileType = sourcecode.swift; path = MovieSwiftUIUITestsLaunchTests.swift; sourceTree = "<group>"; };
		8D9172032BEB86C30092DC91 /* MovieListView.swift */ = {isa = PBXFileReference; lastKnownFileType = sourcecode.swift; path = MovieListView.swift; sourceTree = "<group>"; };
		8D9172062BEB87E40092DC91 /* MovieListItemView.swift */ = {isa = PBXFileReference; lastKnownFileType = sourcecode.swift; path = MovieListItemView.swift; sourceTree = "<group>"; };
		8D9172092BEB8A510092DC91 /* Movie.swift */ = {isa = PBXFileReference; lastKnownFileType = sourcecode.swift; path = Movie.swift; sourceTree = "<group>"; };
		8D91720C2BEB8AC00092DC91 /* Color+Ext.swift */ = {isa = PBXFileReference; lastKnownFileType = sourcecode.swift; path = "Color+Ext.swift"; sourceTree = "<group>"; };
		8D9172112BEB8CFE0092DC91 /* MovieDataService.swift */ = {isa = PBXFileReference; lastKnownFileType = sourcecode.swift; path = MovieDataService.swift; sourceTree = "<group>"; };
		8D9172132BEB8D400092DC91 /* MovieListViewModel.swift */ = {isa = PBXFileReference; lastKnownFileType = sourcecode.swift; path = MovieListViewModel.swift; sourceTree = "<group>"; };
		8D9172152BEB8E020092DC91 /* NetworkManager.swift */ = {isa = PBXFileReference; lastKnownFileType = sourcecode.swift; path = NetworkManager.swift; sourceTree = "<group>"; };
		8D9172172BEBA51C0092DC91 /* MovieEndpoint.swift */ = {isa = PBXFileReference; lastKnownFileType = sourcecode.swift; path = MovieEndpoint.swift; sourceTree = "<group>"; };
		8D91721C2BEBBCBE0092DC91 /* MovieDetailView.swift */ = {isa = PBXFileReference; lastKnownFileType = sourcecode.swift; path = MovieDetailView.swift; sourceTree = "<group>"; };
		8D91721E2BEBBCFF0092DC91 /* MovieDetailViewModel.swift */ = {isa = PBXFileReference; lastKnownFileType = sourcecode.swift; path = MovieDetailViewModel.swift; sourceTree = "<group>"; };
		8D9172202BEBBD560092DC91 /* MovieDetail.swift */ = {isa = PBXFileReference; lastKnownFileType = sourcecode.swift; path = MovieDetail.swift; sourceTree = "<group>"; };
		8D9172222BEBBDEF0092DC91 /* MovieImageService.swift */ = {isa = PBXFileReference; lastKnownFileType = sourcecode.swift; path = MovieImageService.swift; sourceTree = "<group>"; };
		8D9172262BED046F0092DC91 /* Info.plist */ = {isa = PBXFileReference; lastKnownFileType = text.plist; path = Info.plist; sourceTree = "<group>"; };
		8DBBAC7E2BF162D2005D278A /* URL+Ext.swift */ = {isa = PBXFileReference; lastKnownFileType = sourcecode.swift; path = "URL+Ext.swift"; sourceTree = "<group>"; };
		8DBBAC802BF1635B005D278A /* Bundle+Ext.swift */ = {isa = PBXFileReference; lastKnownFileType = sourcecode.swift; path = "Bundle+Ext.swift"; sourceTree = "<group>"; };
		8DBBAC832BF163F4005D278A /* Development.xcconfig */ = {isa = PBXFileReference; lastKnownFileType = text.xcconfig; path = Development.xcconfig; sourceTree = "<group>"; };
		8DBBAC842BF16404005D278A /* Production.xcconfig */ = {isa = PBXFileReference; lastKnownFileType = text.xcconfig; path = Production.xcconfig; sourceTree = "<group>"; };
		8DBBAC852BF16A9B005D278A /* API.swift */ = {isa = PBXFileReference; lastKnownFileType = sourcecode.swift; path = API.swift; sourceTree = "<group>"; };
		8DBBAC882BF16AD6005D278A /* ContentType.swift */ = {isa = PBXFileReference; lastKnownFileType = sourcecode.swift; path = ContentType.swift; sourceTree = "<group>"; };
/* End PBXFileReference section */

/* Begin PBXFrameworksBuildPhase section */
		8D9171D22BEB7FC90092DC91 /* Frameworks */ = {
			isa = PBXFrameworksBuildPhase;
			buildActionMask = 2147483647;
			files = (
			);
			runOnlyForDeploymentPostprocessing = 0;
		};
		8D9171E22BEB7FCA0092DC91 /* Frameworks */ = {
			isa = PBXFrameworksBuildPhase;
			buildActionMask = 2147483647;
			files = (
			);
			runOnlyForDeploymentPostprocessing = 0;
		};
		8D9171EC2BEB7FCA0092DC91 /* Frameworks */ = {
			isa = PBXFrameworksBuildPhase;
			buildActionMask = 2147483647;
			files = (
			);
			runOnlyForDeploymentPostprocessing = 0;
		};
/* End PBXFrameworksBuildPhase section */

/* Begin PBXGroup section */
		8D9171CC2BEB7FC90092DC91 = {
			isa = PBXGroup;
			children = (
				8DBBAC822BF163A6005D278A /* Configuration */,
				8D9171D72BEB7FC90092DC91 /* MovieSwiftUI */,
				8D9171E82BEB7FCA0092DC91 /* MovieSwiftUITests */,
				8D9171F22BEB7FCA0092DC91 /* MovieSwiftUIUITests */,
				8D9171D62BEB7FC90092DC91 /* Products */,
			);
			sourceTree = "<group>";
		};
		8D9171D62BEB7FC90092DC91 /* Products */ = {
			isa = PBXGroup;
			children = (
				8D9171D52BEB7FC90092DC91 /* MovieSwiftUI.app */,
				8D9171E52BEB7FCA0092DC91 /* MovieSwiftUITests.xctest */,
				8D9171EF2BEB7FCA0092DC91 /* MovieSwiftUIUITests.xctest */,
			);
			name = Products;
			sourceTree = "<group>";
		};
		8D9171D72BEB7FC90092DC91 /* MovieSwiftUI */ = {
			isa = PBXGroup;
			children = (
				8DBBAC872BF16AC1005D278A /* Base */,
				8D9172262BED046F0092DC91 /* Info.plist */,
				8D9172102BEB8CE20092DC91 /* ViewModels */,
				8D9172022BEB81810092DC91 /* Views */,
				8D9172082BEB8A370092DC91 /* Models */,
				8D91720E2BEB8C760092DC91 /* Services */,
				8D91720F2BEB8C860092DC91 /* Utilities */,
				8D91720B2BEB8AAB0092DC91 /* Extensions */,
				8D9171D82BEB7FC90092DC91 /* MovieSwiftUIApp.swift */,
				8D9171DA2BEB7FC90092DC91 /* ContentView.swift */,
				8D9171DC2BEB7FCA0092DC91 /* Assets.xcassets */,
				8D9171DE2BEB7FCA0092DC91 /* Preview Content */,
			);
			path = MovieSwiftUI;
			sourceTree = "<group>";
		};
		8D9171DE2BEB7FCA0092DC91 /* Preview Content */ = {
			isa = PBXGroup;
			children = (
				8D9171DF2BEB7FCA0092DC91 /* Preview Assets.xcassets */,
			);
			path = "Preview Content";
			sourceTree = "<group>";
		};
		8D9171E82BEB7FCA0092DC91 /* MovieSwiftUITests */ = {
			isa = PBXGroup;
			children = (
				8D9171E92BEB7FCA0092DC91 /* MovieSwiftUITests.swift */,
			);
			path = MovieSwiftUITests;
			sourceTree = "<group>";
		};
		8D9171F22BEB7FCA0092DC91 /* MovieSwiftUIUITests */ = {
			isa = PBXGroup;
			children = (
				8D9171F32BEB7FCA0092DC91 /* MovieSwiftUIUITests.swift */,
				8D9171F52BEB7FCA0092DC91 /* MovieSwiftUIUITestsLaunchTests.swift */,
			);
			path = MovieSwiftUIUITests;
			sourceTree = "<group>";
		};
		8D9172022BEB81810092DC91 /* Views */ = {
			isa = PBXGroup;
			children = (
				8D9172192BEBBC890092DC91 /* MovieDetail */,
				8D9172052BEB86D30092DC91 /* MovieList */,
			);
			path = Views;
			sourceTree = "<group>";
		};
		8D9172052BEB86D30092DC91 /* MovieList */ = {
			isa = PBXGroup;
			children = (
				8D9172032BEB86C30092DC91 /* MovieListView.swift */,
				8D9172062BEB87E40092DC91 /* MovieListItemView.swift */,
			);
			path = MovieList;
			sourceTree = "<group>";
		};
		8D9172082BEB8A370092DC91 /* Models */ = {
			isa = PBXGroup;
			children = (
				8D9172092BEB8A510092DC91 /* Movie.swift */,
				8D9172202BEBBD560092DC91 /* MovieDetail.swift */,
			);
			path = Models;
			sourceTree = "<group>";
		};
		8D91720B2BEB8AAB0092DC91 /* Extensions */ = {
			isa = PBXGroup;
			children = (
				8D91720C2BEB8AC00092DC91 /* Color+Ext.swift */,
				8DBBAC7E2BF162D2005D278A /* URL+Ext.swift */,
				8DBBAC802BF1635B005D278A /* Bundle+Ext.swift */,
			);
			path = Extensions;
			sourceTree = "<group>";
		};
		8D91720E2BEB8C760092DC91 /* Services */ = {
			isa = PBXGroup;
			children = (
				8D9172112BEB8CFE0092DC91 /* MovieDataService.swift */,
				8D9172222BEBBDEF0092DC91 /* MovieImageService.swift */,
			);
			path = Services;
			sourceTree = "<group>";
		};
		8D91720F2BEB8C860092DC91 /* Utilities */ = {
			isa = PBXGroup;
			children = (
				8D9172152BEB8E020092DC91 /* NetworkManager.swift */,
				8D9172172BEBA51C0092DC91 /* MovieEndpoint.swift */,
				8DBBAC852BF16A9B005D278A /* API.swift */,
			);
			path = Utilities;
			sourceTree = "<group>";
		};
		8D9172102BEB8CE20092DC91 /* ViewModels */ = {
			isa = PBXGroup;
			children = (
				8D91721E2BEBBCFF0092DC91 /* MovieDetailViewModel.swift */,
				8D9172132BEB8D400092DC91 /* MovieListViewModel.swift */,
			);
			path = ViewModels;
			sourceTree = "<group>";
		};
		8D9172192BEBBC890092DC91 /* MovieDetail */ = {
			isa = PBXGroup;
			children = (
				8D91721C2BEBBCBE0092DC91 /* MovieDetailView.swift */,
			);
			path = MovieDetail;
			sourceTree = "<group>";
		};
		8DBBAC822BF163A6005D278A /* Configuration */ = {
			isa = PBXGroup;
			children = (
				8DBBAC832BF163F4005D278A /* Development.xcconfig */,
				8DBBAC842BF16404005D278A /* Production.xcconfig */,
			);
			path = Configuration;
			sourceTree = "<group>";
		};
		8DBBAC872BF16AC1005D278A /* Base */ = {
			isa = PBXGroup;
			children = (
				8DBBAC882BF16AD6005D278A /* ContentType.swift */,
			);
			path = Base;
			sourceTree = "<group>";
		};
/* End PBXGroup section */

/* Begin PBXNativeTarget section */
		8D9171D42BEB7FC90092DC91 /* MovieSwiftUI */ = {
			isa = PBXNativeTarget;
			buildConfigurationList = 8D9171F92BEB7FCA0092DC91 /* Build configuration list for PBXNativeTarget "MovieSwiftUI" */;
			buildPhases = (
				8D9171D12BEB7FC90092DC91 /* Sources */,
				8D9171D22BEB7FC90092DC91 /* Frameworks */,
				8D9171D32BEB7FC90092DC91 /* Resources */,
			);
			buildRules = (
			);
			dependencies = (
			);
			name = MovieSwiftUI;
			productName = MovieSwiftUI;
			productReference = 8D9171D52BEB7FC90092DC91 /* MovieSwiftUI.app */;
			productType = "com.apple.product-type.application";
		};
		8D9171E42BEB7FCA0092DC91 /* MovieSwiftUITests */ = {
			isa = PBXNativeTarget;
			buildConfigurationList = 8D9171FC2BEB7FCA0092DC91 /* Build configuration list for PBXNativeTarget "MovieSwiftUITests" */;
			buildPhases = (
				8D9171E12BEB7FCA0092DC91 /* Sources */,
				8D9171E22BEB7FCA0092DC91 /* Frameworks */,
				8D9171E32BEB7FCA0092DC91 /* Resources */,
			);
			buildRules = (
			);
			dependencies = (
				8D9171E72BEB7FCA0092DC91 /* PBXTargetDependency */,
			);
			name = MovieSwiftUITests;
			productName = MovieSwiftUITests;
			productReference = 8D9171E52BEB7FCA0092DC91 /* MovieSwiftUITests.xctest */;
			productType = "com.apple.product-type.bundle.unit-test";
		};
		8D9171EE2BEB7FCA0092DC91 /* MovieSwiftUIUITests */ = {
			isa = PBXNativeTarget;
			buildConfigurationList = 8D9171FF2BEB7FCA0092DC91 /* Build configuration list for PBXNativeTarget "MovieSwiftUIUITests" */;
			buildPhases = (
				8D9171EB2BEB7FCA0092DC91 /* Sources */,
				8D9171EC2BEB7FCA0092DC91 /* Frameworks */,
				8D9171ED2BEB7FCA0092DC91 /* Resources */,
			);
			buildRules = (
			);
			dependencies = (
				8D9171F12BEB7FCA0092DC91 /* PBXTargetDependency */,
			);
			name = MovieSwiftUIUITests;
			productName = MovieSwiftUIUITests;
			productReference = 8D9171EF2BEB7FCA0092DC91 /* MovieSwiftUIUITests.xctest */;
			productType = "com.apple.product-type.bundle.ui-testing";
		};
/* End PBXNativeTarget section */

/* Begin PBXProject section */
		8D9171CD2BEB7FC90092DC91 /* Project object */ = {
			isa = PBXProject;
			attributes = {
				BuildIndependentTargetsInParallel = 1;
				LastSwiftUpdateCheck = 1530;
				LastUpgradeCheck = 1530;
				TargetAttributes = {
					8D9171D42BEB7FC90092DC91 = {
						CreatedOnToolsVersion = 15.3;
					};
					8D9171E42BEB7FCA0092DC91 = {
						CreatedOnToolsVersion = 15.3;
						TestTargetID = 8D9171D42BEB7FC90092DC91;
					};
					8D9171EE2BEB7FCA0092DC91 = {
						CreatedOnToolsVersion = 15.3;
						TestTargetID = 8D9171D42BEB7FC90092DC91;
					};
				};
			};
			buildConfigurationList = 8D9171D02BEB7FC90092DC91 /* Build configuration list for PBXProject "MovieSwiftUI" */;
			compatibilityVersion = "Xcode 14.0";
			developmentRegion = en;
			hasScannedForEncodings = 0;
			knownRegions = (
				en,
				Base,
			);
			mainGroup = 8D9171CC2BEB7FC90092DC91;
			productRefGroup = 8D9171D62BEB7FC90092DC91 /* Products */;
			projectDirPath = "";
			projectRoot = "";
			targets = (
				8D9171D42BEB7FC90092DC91 /* MovieSwiftUI */,
				8D9171E42BEB7FCA0092DC91 /* MovieSwiftUITests */,
				8D9171EE2BEB7FCA0092DC91 /* MovieSwiftUIUITests */,
			);
		};
/* End PBXProject section */

/* Begin PBXResourcesBuildPhase section */
		8D9171D32BEB7FC90092DC91 /* Resources */ = {
			isa = PBXResourcesBuildPhase;
			buildActionMask = 2147483647;
			files = (
				8D9171E02BEB7FCA0092DC91 /* Preview Assets.xcassets in Resources */,
				8D9171DD2BEB7FCA0092DC91 /* Assets.xcassets in Resources */,
			);
			runOnlyForDeploymentPostprocessing = 0;
		};
		8D9171E32BEB7FCA0092DC91 /* Resources */ = {
			isa = PBXResourcesBuildPhase;
			buildActionMask = 2147483647;
			files = (
			);
			runOnlyForDeploymentPostprocessing = 0;
		};
		8D9171ED2BEB7FCA0092DC91 /* Resources */ = {
			isa = PBXResourcesBuildPhase;
			buildActionMask = 2147483647;
			files = (
			);
			runOnlyForDeploymentPostprocessing = 0;
		};
/* End PBXResourcesBuildPhase section */

/* Begin PBXSourcesBuildPhase section */
		8D9171D12BEB7FC90092DC91 /* Sources */ = {
			isa = PBXSourcesBuildPhase;
			buildActionMask = 2147483647;
			files = (
				8D9172232BEBBDEF0092DC91 /* MovieImageService.swift in Sources */,
				8DBBAC812BF1635B005D278A /* Bundle+Ext.swift in Sources */,
				8D9172162BEB8E020092DC91 /* NetworkManager.swift in Sources */,
				8D9172072BEB87E50092DC91 /* MovieListItemView.swift in Sources */,
				8D9171DB2BEB7FC90092DC91 /* ContentView.swift in Sources */,
				8D9171D92BEB7FC90092DC91 /* MovieSwiftUIApp.swift in Sources */,
				8D9172142BEB8D400092DC91 /* MovieListViewModel.swift in Sources */,
				8D9172122BEB8CFE0092DC91 /* MovieDataService.swift in Sources */,
				8DBBAC7F2BF162D2005D278A /* URL+Ext.swift in Sources */,
				8D9172042BEB86C30092DC91 /* MovieListView.swift in Sources */,
				8D9172182BEBA51C0092DC91 /* MovieEndpoint.swift in Sources */,
				8D9172212BEBBD560092DC91 /* MovieDetail.swift in Sources */,
				8D91721F2BEBBCFF0092DC91 /* MovieDetailViewModel.swift in Sources */,
				8D91720A2BEB8A510092DC91 /* Movie.swift in Sources */,
				8D91720D2BEB8AC00092DC91 /* Color+Ext.swift in Sources */,
				8DBBAC862BF16A9B005D278A /* API.swift in Sources */,
				8D91721D2BEBBCBE0092DC91 /* MovieDetailView.swift in Sources */,
				8DBBAC892BF16AD6005D278A /* ContentType.swift in Sources */,
			);
			runOnlyForDeploymentPostprocessing = 0;
		};
		8D9171E12BEB7FCA0092DC91 /* Sources */ = {
			isa = PBXSourcesBuildPhase;
			buildActionMask = 2147483647;
			files = (
				8D9171EA2BEB7FCA0092DC91 /* MovieSwiftUITests.swift in Sources */,
			);
			runOnlyForDeploymentPostprocessing = 0;
		};
		8D9171EB2BEB7FCA0092DC91 /* Sources */ = {
			isa = PBXSourcesBuildPhase;
			buildActionMask = 2147483647;
			files = (
				8D9171F42BEB7FCA0092DC91 /* MovieSwiftUIUITests.swift in Sources */,
				8D9171F62BEB7FCA0092DC91 /* MovieSwiftUIUITestsLaunchTests.swift in Sources */,
			);
			runOnlyForDeploymentPostprocessing = 0;
		};
/* End PBXSourcesBuildPhase section */

/* Begin PBXTargetDependency section */
		8D9171E72BEB7FCA0092DC91 /* PBXTargetDependency */ = {
			isa = PBXTargetDependency;
			target = 8D9171D42BEB7FC90092DC91 /* MovieSwiftUI */;
			targetProxy = 8D9171E62BEB7FCA0092DC91 /* PBXContainerItemProxy */;
		};
		8D9171F12BEB7FCA0092DC91 /* PBXTargetDependency */ = {
			isa = PBXTargetDependency;
			target = 8D9171D42BEB7FC90092DC91 /* MovieSwiftUI */;
			targetProxy = 8D9171F02BEB7FCA0092DC91 /* PBXContainerItemProxy */;
		};
/* End PBXTargetDependency section */

/* Begin XCBuildConfiguration section */
		8D9171F72BEB7FCA0092DC91 /* Debug */ = {
			isa = XCBuildConfiguration;
			baseConfigurationReference = 8DBBAC832BF163F4005D278A /* Development.xcconfig */;
			buildSettings = {
				ALWAYS_SEARCH_USER_PATHS = NO;
				ASSETCATALOG_COMPILER_GENERATE_SWIFT_ASSET_SYMBOL_EXTENSIONS = YES;
				CLANG_ANALYZER_NONNULL = YES;
				CLANG_ANALYZER_NUMBER_OBJECT_CONVERSION = YES_AGGRESSIVE;
				CLANG_CXX_LANGUAGE_STANDARD = "gnu++20";
				CLANG_ENABLE_MODULES = YES;
				CLANG_ENABLE_OBJC_ARC = YES;
				CLANG_ENABLE_OBJC_WEAK = YES;
				CLANG_WARN_BLOCK_CAPTURE_AUTORELEASING = YES;
				CLANG_WARN_BOOL_CONVERSION = YES;
				CLANG_WARN_COMMA = YES;
				CLANG_WARN_CONSTANT_CONVERSION = YES;
				CLANG_WARN_DEPRECATED_OBJC_IMPLEMENTATIONS = YES;
				CLANG_WARN_DIRECT_OBJC_ISA_USAGE = YES_ERROR;
				CLANG_WARN_DOCUMENTATION_COMMENTS = YES;
				CLANG_WARN_EMPTY_BODY = YES;
				CLANG_WARN_ENUM_CONVERSION = YES;
				CLANG_WARN_INFINITE_RECURSION = YES;
				CLANG_WARN_INT_CONVERSION = YES;
				CLANG_WARN_NON_LITERAL_NULL_CONVERSION = YES;
				CLANG_WARN_OBJC_IMPLICIT_RETAIN_SELF = YES;
				CLANG_WARN_OBJC_LITERAL_CONVERSION = YES;
				CLANG_WARN_OBJC_ROOT_CLASS = YES_ERROR;
				CLANG_WARN_QUOTED_INCLUDE_IN_FRAMEWORK_HEADER = YES;
				CLANG_WARN_RANGE_LOOP_ANALYSIS = YES;
				CLANG_WARN_STRICT_PROTOTYPES = YES;
				CLANG_WARN_SUSPICIOUS_MOVE = YES;
				CLANG_WARN_UNGUARDED_AVAILABILITY = YES_AGGRESSIVE;
				CLANG_WARN_UNREACHABLE_CODE = YES;
				CLANG_WARN__DUPLICATE_METHOD_MATCH = YES;
				COPY_PHASE_STRIP = NO;
				DEBUG_INFORMATION_FORMAT = dwarf;
				ENABLE_STRICT_OBJC_MSGSEND = YES;
				ENABLE_TESTABILITY = YES;
				ENABLE_USER_SCRIPT_SANDBOXING = YES;
				GCC_C_LANGUAGE_STANDARD = gnu17;
				GCC_DYNAMIC_NO_PIC = NO;
				GCC_NO_COMMON_BLOCKS = YES;
				GCC_OPTIMIZATION_LEVEL = 0;
				GCC_PREPROCESSOR_DEFINITIONS = (
					"DEBUG=1",
					"$(inherited)",
				);
				GCC_WARN_64_TO_32_BIT_CONVERSION = YES;
				GCC_WARN_ABOUT_RETURN_TYPE = YES_ERROR;
				GCC_WARN_UNDECLARED_SELECTOR = YES;
				GCC_WARN_UNINITIALIZED_AUTOS = YES_AGGRESSIVE;
				GCC_WARN_UNUSED_FUNCTION = YES;
				GCC_WARN_UNUSED_VARIABLE = YES;
				IPHONEOS_DEPLOYMENT_TARGET = 17.4;
				LOCALIZATION_PREFERS_STRING_CATALOGS = YES;
				MTL_ENABLE_DEBUG_INFO = INCLUDE_SOURCE;
				MTL_FAST_MATH = YES;
				ONLY_ACTIVE_ARCH = YES;
				SDKROOT = iphoneos;
				SWIFT_ACTIVE_COMPILATION_CONDITIONS = "DEBUG $(inherited)";
				SWIFT_OPTIMIZATION_LEVEL = "-Onone";
			};
			name = Debug;
		};
		8D9171F82BEB7FCA0092DC91 /* Release */ = {
			isa = XCBuildConfiguration;
			baseConfigurationReference = 8DBBAC832BF163F4005D278A /* Development.xcconfig */;
			buildSettings = {
				ALWAYS_SEARCH_USER_PATHS = NO;
				ASSETCATALOG_COMPILER_GENERATE_SWIFT_ASSET_SYMBOL_EXTENSIONS = YES;
				CLANG_ANALYZER_NONNULL = YES;
				CLANG_ANALYZER_NUMBER_OBJECT_CONVERSION = YES_AGGRESSIVE;
				CLANG_CXX_LANGUAGE_STANDARD = "gnu++20";
				CLANG_ENABLE_MODULES = YES;
				CLANG_ENABLE_OBJC_ARC = YES;
				CLANG_ENABLE_OBJC_WEAK = YES;
				CLANG_WARN_BLOCK_CAPTURE_AUTORELEASING = YES;
				CLANG_WARN_BOOL_CONVERSION = YES;
				CLANG_WARN_COMMA = YES;
				CLANG_WARN_CONSTANT_CONVERSION = YES;
				CLANG_WARN_DEPRECATED_OBJC_IMPLEMENTATIONS = YES;
				CLANG_WARN_DIRECT_OBJC_ISA_USAGE = YES_ERROR;
				CLANG_WARN_DOCUMENTATION_COMMENTS = YES;
				CLANG_WARN_EMPTY_BODY = YES;
				CLANG_WARN_ENUM_CONVERSION = YES;
				CLANG_WARN_INFINITE_RECURSION = YES;
				CLANG_WARN_INT_CONVERSION = YES;
				CLANG_WARN_NON_LITERAL_NULL_CONVERSION = YES;
				CLANG_WARN_OBJC_IMPLICIT_RETAIN_SELF = YES;
				CLANG_WARN_OBJC_LITERAL_CONVERSION = YES;
				CLANG_WARN_OBJC_ROOT_CLASS = YES_ERROR;
				CLANG_WARN_QUOTED_INCLUDE_IN_FRAMEWORK_HEADER = YES;
				CLANG_WARN_RANGE_LOOP_ANALYSIS = YES;
				CLANG_WARN_STRICT_PROTOTYPES = YES;
				CLANG_WARN_SUSPICIOUS_MOVE = YES;
				CLANG_WARN_UNGUARDED_AVAILABILITY = YES_AGGRESSIVE;
				CLANG_WARN_UNREACHABLE_CODE = YES;
				CLANG_WARN__DUPLICATE_METHOD_MATCH = YES;
				COPY_PHASE_STRIP = NO;
				DEBUG_INFORMATION_FORMAT = "dwarf-with-dsym";
				ENABLE_NS_ASSERTIONS = NO;
				ENABLE_STRICT_OBJC_MSGSEND = YES;
				ENABLE_USER_SCRIPT_SANDBOXING = YES;
				GCC_C_LANGUAGE_STANDARD = gnu17;
				GCC_NO_COMMON_BLOCKS = YES;
				GCC_WARN_64_TO_32_BIT_CONVERSION = YES;
				GCC_WARN_ABOUT_RETURN_TYPE = YES_ERROR;
				GCC_WARN_UNDECLARED_SELECTOR = YES;
				GCC_WARN_UNINITIALIZED_AUTOS = YES_AGGRESSIVE;
				GCC_WARN_UNUSED_FUNCTION = YES;
				GCC_WARN_UNUSED_VARIABLE = YES;
				IPHONEOS_DEPLOYMENT_TARGET = 17.4;
				LOCALIZATION_PREFERS_STRING_CATALOGS = YES;
				MTL_ENABLE_DEBUG_INFO = NO;
				MTL_FAST_MATH = YES;
				SDKROOT = iphoneos;
				SWIFT_COMPILATION_MODE = wholemodule;
				VALIDATE_PRODUCT = YES;
			};
			name = Release;
		};
		8D9171FA2BEB7FCA0092DC91 /* Debug */ = {
			isa = XCBuildConfiguration;
			baseConfigurationReference = 8DBBAC832BF163F4005D278A /* Development.xcconfig */;
			buildSettings = {
				ASSETCATALOG_COMPILER_APPICON_NAME = AppIcon;
				ASSETCATALOG_COMPILER_GLOBAL_ACCENT_COLOR_NAME = AccentColor;
				CODE_SIGN_STYLE = Automatic;
				CURRENT_PROJECT_VERSION = 1;
				DEVELOPMENT_ASSET_PATHS = "\"MovieSwiftUI/Preview Content\"";
				DEVELOPMENT_TEAM = 2U638ZS235;
				ENABLE_PREVIEWS = YES;
				GENERATE_INFOPLIST_FILE = YES;
				INFOPLIST_FILE = MovieSwiftUI/Info.plist;
				INFOPLIST_KEY_UIApplicationSceneManifest_Generation = YES;
				INFOPLIST_KEY_UIApplicationSupportsIndirectInputEvents = YES;
				INFOPLIST_KEY_UISupportedInterfaceOrientations = UIInterfaceOrientationPortrait;
				INFOPLIST_KEY_UISupportedInterfaceOrientations_iPad = "UIInterfaceOrientationLandscapeLeft UIInterfaceOrientationLandscapeRight UIInterfaceOrientationPortrait UIInterfaceOrientationPortraitUpsideDown";
				LD_RUNPATH_SEARCH_PATHS = (
					"$(inherited)",
					"@executable_path/Frameworks",
				);
				MARKETING_VERSION = 1.0;
				PRODUCT_BUNDLE_IDENTIFIER = com.cansuozdizlekli.MovieSwiftUI;
				PRODUCT_NAME = "$(TARGET_NAME)";
				SWIFT_EMIT_LOC_STRINGS = YES;
				SWIFT_VERSION = 5.0;
				TARGETED_DEVICE_FAMILY = "1,2";
			};
			name = Debug;
		};
		8D9171FB2BEB7FCA0092DC91 /* Release */ = {
			isa = XCBuildConfiguration;
			baseConfigurationReference = 8DBBAC832BF163F4005D278A /* Development.xcconfig */;
			buildSettings = {
				ASSETCATALOG_COMPILER_APPICON_NAME = AppIcon;
				ASSETCATALOG_COMPILER_GLOBAL_ACCENT_COLOR_NAME = AccentColor;
				CODE_SIGN_STYLE = Automatic;
				CURRENT_PROJECT_VERSION = 1;
				DEVELOPMENT_ASSET_PATHS = "\"MovieSwiftUI/Preview Content\"";
				DEVELOPMENT_TEAM = 2U638ZS235;
				ENABLE_PREVIEWS = YES;
				GENERATE_INFOPLIST_FILE = YES;
				INFOPLIST_FILE = MovieSwiftUI/Info.plist;
				INFOPLIST_KEY_UIApplicationSceneManifest_Generation = YES;
				INFOPLIST_KEY_UIApplicationSupportsIndirectInputEvents = YES;
				INFOPLIST_KEY_UISupportedInterfaceOrientations = UIInterfaceOrientationPortrait;
				INFOPLIST_KEY_UISupportedInterfaceOrientations_iPad = "UIInterfaceOrientationLandscapeLeft UIInterfaceOrientationLandscapeRight UIInterfaceOrientationPortrait UIInterfaceOrientationPortraitUpsideDown";
				LD_RUNPATH_SEARCH_PATHS = (
					"$(inherited)",
					"@executable_path/Frameworks",
				);
				MARKETING_VERSION = 1.0;
				PRODUCT_BUNDLE_IDENTIFIER = com.cansuozdizlekli.MovieSwiftUI;
				PRODUCT_NAME = "$(TARGET_NAME)";
				SWIFT_EMIT_LOC_STRINGS = YES;
				SWIFT_VERSION = 5.0;
				TARGETED_DEVICE_FAMILY = "1,2";
			};
			name = Release;
		};
		8D9171FD2BEB7FCA0092DC91 /* Debug */ = {
			isa = XCBuildConfiguration;
			baseConfigurationReference = 8DBBAC832BF163F4005D278A /* Development.xcconfig */;
			buildSettings = {
				ALWAYS_EMBED_SWIFT_STANDARD_LIBRARIES = YES;
				BUNDLE_LOADER = "$(TEST_HOST)";
				CODE_SIGN_STYLE = Automatic;
				CURRENT_PROJECT_VERSION = 1;
				DEVELOPMENT_TEAM = 2U638ZS235;
				GENERATE_INFOPLIST_FILE = YES;
				IPHONEOS_DEPLOYMENT_TARGET = 17.4;
				MARKETING_VERSION = 1.0;
				PRODUCT_BUNDLE_IDENTIFIER = com.cansuozdizlekli.MovieSwiftUITests;
				PRODUCT_NAME = "$(TARGET_NAME)";
				SWIFT_EMIT_LOC_STRINGS = NO;
				SWIFT_VERSION = 5.0;
				TARGETED_DEVICE_FAMILY = "1,2";
				TEST_HOST = "$(BUILT_PRODUCTS_DIR)/MovieSwiftUI.app/$(BUNDLE_EXECUTABLE_FOLDER_PATH)/MovieSwiftUI";
			};
			name = Debug;
		};
		8D9171FE2BEB7FCA0092DC91 /* Release */ = {
			isa = XCBuildConfiguration;
			baseConfigurationReference = 8DBBAC832BF163F4005D278A /* Development.xcconfig */;
			buildSettings = {
				ALWAYS_EMBED_SWIFT_STANDARD_LIBRARIES = YES;
				BUNDLE_LOADER = "$(TEST_HOST)";
				CODE_SIGN_STYLE = Automatic;
				CURRENT_PROJECT_VERSION = 1;
				DEVELOPMENT_TEAM = 2U638ZS235;
				GENERATE_INFOPLIST_FILE = YES;
				IPHONEOS_DEPLOYMENT_TARGET = 17.4;
				MARKETING_VERSION = 1.0;
				PRODUCT_BUNDLE_IDENTIFIER = com.cansuozdizlekli.MovieSwiftUITests;
				PRODUCT_NAME = "$(TARGET_NAME)";
				SWIFT_EMIT_LOC_STRINGS = NO;
				SWIFT_VERSION = 5.0;
				TARGETED_DEVICE_FAMILY = "1,2";
				TEST_HOST = "$(BUILT_PRODUCTS_DIR)/MovieSwiftUI.app/$(BUNDLE_EXECUTABLE_FOLDER_PATH)/MovieSwiftUI";
			};
			name = Release;
		};
		8D9172002BEB7FCA0092DC91 /* Debug */ = {
			isa = XCBuildConfiguration;
			baseConfigurationReference = 8DBBAC832BF163F4005D278A /* Development.xcconfig */;
			buildSettings = {
				ALWAYS_EMBED_SWIFT_STANDARD_LIBRARIES = YES;
				CODE_SIGN_STYLE = Automatic;
				CURRENT_PROJECT_VERSION = 1;
				DEVELOPMENT_TEAM = 2U638ZS235;
				GENERATE_INFOPLIST_FILE = YES;
				MARKETING_VERSION = 1.0;
				PRODUCT_BUNDLE_IDENTIFIER = com.cansuozdizlekli.MovieSwiftUIUITests;
				PRODUCT_NAME = "$(TARGET_NAME)";
				SWIFT_EMIT_LOC_STRINGS = NO;
				SWIFT_VERSION = 5.0;
				TARGETED_DEVICE_FAMILY = "1,2";
				TEST_TARGET_NAME = MovieSwiftUI;
			};
			name = Debug;
		};
		8D9172012BEB7FCA0092DC91 /* Release */ = {
			isa = XCBuildConfiguration;
			baseConfigurationReference = 8DBBAC832BF163F4005D278A /* Development.xcconfig */;
			buildSettings = {
				ALWAYS_EMBED_SWIFT_STANDARD_LIBRARIES = YES;
				CODE_SIGN_STYLE = Automatic;
				CURRENT_PROJECT_VERSION = 1;
				DEVELOPMENT_TEAM = 2U638ZS235;
				GENERATE_INFOPLIST_FILE = YES;
				MARKETING_VERSION = 1.0;
				PRODUCT_BUNDLE_IDENTIFIER = com.cansuozdizlekli.MovieSwiftUIUITests;
				PRODUCT_NAME = "$(TARGET_NAME)";
				SWIFT_EMIT_LOC_STRINGS = NO;
				SWIFT_VERSION = 5.0;
				TARGETED_DEVICE_FAMILY = "1,2";
				TEST_TARGET_NAME = MovieSwiftUI;
			};
			name = Release;
		};
/* End XCBuildConfiguration section */

/* Begin XCConfigurationList section */
		8D9171D02BEB7FC90092DC91 /* Build configuration list for PBXProject "MovieSwiftUI" */ = {
			isa = XCConfigurationList;
			buildConfigurations = (
				8D9171F72BEB7FCA0092DC91 /* Debug */,
				8D9171F82BEB7FCA0092DC91 /* Release */,
			);
			defaultConfigurationIsVisible = 0;
			defaultConfigurationName = Release;
		};
		8D9171F92BEB7FCA0092DC91 /* Build configuration list for PBXNativeTarget "MovieSwiftUI" */ = {
			isa = XCConfigurationList;
			buildConfigurations = (
				8D9171FA2BEB7FCA0092DC91 /* Debug */,
				8D9171FB2BEB7FCA0092DC91 /* Release */,
			);
			defaultConfigurationIsVisible = 0;
			defaultConfigurationName = Release;
		};
		8D9171FC2BEB7FCA0092DC91 /* Build configuration list for PBXNativeTarget "MovieSwiftUITests" */ = {
			isa = XCConfigurationList;
			buildConfigurations = (
				8D9171FD2BEB7FCA0092DC91 /* Debug */,
				8D9171FE2BEB7FCA0092DC91 /* Release */,
			);
			defaultConfigurationIsVisible = 0;
			defaultConfigurationName = Release;
		};
		8D9171FF2BEB7FCA0092DC91 /* Build configuration list for PBXNativeTarget "MovieSwiftUIUITests" */ = {
			isa = XCConfigurationList;
			buildConfigurations = (
				8D9172002BEB7FCA0092DC91 /* Debug */,
				8D9172012BEB7FCA0092DC91 /* Release */,
			);
			defaultConfigurationIsVisible = 0;
			defaultConfigurationName = Release;
		};
/* End XCConfigurationList section */
	};
	rootObject = 8D9171CD2BEB7FC90092DC91 /* Project object */;
}
